
Microsoft Visual Studio Solution File, Format Version 12.00
# Visual Studio Version 16
VisualStudioVersion = 16.0.30523.141
MinimumVisualStudioVersion = 10.0.40219.1
Project("{FAE04EC0-301F-11D3-BF4B-00C04F79EFBC}") = "Lab_4_v4", "Lab_4_v4\Lab_4_v4.csproj", "{4FF83140-52DA-4D5D-9F45-2EC4154D6CE3}"
EndProject
Global
	GlobalSection(SolutionConfigurationPlatforms) = preSolution
		Debug|Any CPU = Debug|Any CPU
		Release|Any CPU = Release|Any CPU
	EndGlobalSection
	GlobalSection(ProjectConfigurationPlatforms) = postSolution
		{4FF83140-52DA-4D5D-9F45-2EC4154D6CE3}.Debug|Any CPU.ActiveCfg = Debug|Any CPU
		{4FF83140-52DA-4D5D-9F45-2EC4154D6CE3}.Debug|Any CPU.Build.0 = Debug|Any CPU
		{4FF83140-52DA-4D5D-9F45-2EC4154D6CE3}.Release|Any CPU.ActiveCfg = Release|Any CPU
		{4FF83140-52DA-4D5D-9F45-2EC4154D6CE3}.Release|Any CPU.Build.0 = Release|Any CPU
	EndGlobalSection
	GlobalSection(SolutionProperties) = preSolution
		HideSolutionNode = FALSE
	EndGlobalSection
	GlobalSection(ExtensibilityGlobals) = postSolution
		SolutionGuid = {0DBAEE12-3117-416B-90F0-9050864B0979}
	EndGlobalSection
EndGlobal
